// !$*UTF8*$!
{
	archiveVersion = 1;
	classes = {
	};
	objectVersion = 55;
	objects = {

/* Begin PBXBuildFile section */
		4C32807128B5A42500994729 /* MyCollectionViewCell.swift in Sources */ = {isa = PBXBuildFile; fileRef = 4C32807028B5A42500994729 /* MyCollectionViewCell.swift */; };
		4C32807328B5ABA600994729 /* SecondPageViewController.swift in Sources */ = {isa = PBXBuildFile; fileRef = 4C32807228B5ABA600994729 /* SecondPageViewController.swift */; };
		4C32807528B9EB2200994729 /* FirstPageViewController.swift in Sources */ = {isa = PBXBuildFile; fileRef = 4C32807428B9EB2200994729 /* FirstPageViewController.swift */; };
		4C32807728BA077700994729 /* SecondPage_ViewController.swift in Sources */ = {isa = PBXBuildFile; fileRef = 4C32807628BA077700994729 /* SecondPage_ViewController.swift */; };
		4C32807928BC856600994729 /* thirdPageViewController.swift in Sources */ = {isa = PBXBuildFile; fileRef = 4C32807828BC856600994729 /* thirdPageViewController.swift */; };
		4C5437E228BD53C3003D593D /* FourCamViewController.swift in Sources */ = {isa = PBXBuildFile; fileRef = 4C5437E128BD53C3003D593D /* FourCamViewController.swift */; };
		4C5437E428BF3C2C003D593D /* newViewController.swift in Sources */ = {isa = PBXBuildFile; fileRef = 4C5437E328BF3C2C003D593D /* newViewController.swift */; };
		4CA8B2AD28B4B3900098166B /* AppDelegate.swift in Sources */ = {isa = PBXBuildFile; fileRef = 4CA8B2AC28B4B3900098166B /* AppDelegate.swift */; };
		4CA8B2AF28B4B3900098166B /* SceneDelegate.swift in Sources */ = {isa = PBXBuildFile; fileRef = 4CA8B2AE28B4B3900098166B /* SceneDelegate.swift */; };
		4CA8B2B128B4B3900098166B /* ViewController.swift in Sources */ = {isa = PBXBuildFile; fileRef = 4CA8B2B028B4B3900098166B /* ViewController.swift */; };
		4CA8B2B428B4B3900098166B /* Main.storyboard in Resources */ = {isa = PBXBuildFile; fileRef = 4CA8B2B228B4B3900098166B /* Main.storyboard */; };
		4CA8B2B628B4B3920098166B /* Assets.xcassets in Resources */ = {isa = PBXBuildFile; fileRef = 4CA8B2B528B4B3920098166B /* Assets.xcassets */; };
		4CA8B2B928B4B3920098166B /* LaunchScreen.storyboard in Resources */ = {isa = PBXBuildFile; fileRef = 4CA8B2B728B4B3920098166B /* LaunchScreen.storyboard */; };
/* End PBXBuildFile section */

/* Begin PBXFileReference section */
		4C32807028B5A42500994729 /* MyCollectionViewCell.swift */ = {isa = PBXFileReference; lastKnownFileType = sourcecode.swift; path = MyCollectionViewCell.swift; sourceTree = "<group>"; };
		4C32807228B5ABA600994729 /* SecondPageViewController.swift */ = {isa = PBXFileReference; lastKnownFileType = sourcecode.swift; path = SecondPageViewController.swift; sourceTree = "<group>"; };
		4C32807428B9EB2200994729 /* FirstPageViewController.swift */ = {isa = PBXFileReference; lastKnownFileType = sourcecode.swift; path = FirstPageViewController.swift; sourceTree = "<group>"; };
		4C32807628BA077700994729 /* SecondPage_ViewController.swift */ = {isa = PBXFileReference; lastKnownFileType = sourcecode.swift; path = SecondPage_ViewController.swift; sourceTree = "<group>"; };
		4C32807828BC856600994729 /* thirdPageViewController.swift */ = {isa = PBXFileReference; lastKnownFileType = sourcecode.swift; path = thirdPageViewController.swift; sourceTree = "<group>"; };
		4C5437E128BD53C3003D593D /* FourCamViewController.swift */ = {isa = PBXFileReference; lastKnownFileType = sourcecode.swift; path = FourCamViewController.swift; sourceTree = "<group>"; };
		4C5437E328BF3C2C003D593D /* newViewController.swift */ = {isa = PBXFileReference; lastKnownFileType = sourcecode.swift; path = newViewController.swift; sourceTree = "<group>"; };
		4CA8B2A928B4B3900098166B /* VaccineDoctorApp.app */ = {isa = PBXFileReference; explicitFileType = wrapper.application; includeInIndex = 0; path = VaccineDoctorApp.app; sourceTree = BUILT_PRODUCTS_DIR; };
		4CA8B2AC28B4B3900098166B /* AppDelegate.swift */ = {isa = PBXFileReference; lastKnownFileType = sourcecode.swift; path = AppDelegate.swift; sourceTree = "<group>"; };
		4CA8B2AE28B4B3900098166B /* SceneDelegate.swift */ = {isa = PBXFileReference; lastKnownFileType = sourcecode.swift; path = SceneDelegate.swift; sourceTree = "<group>"; };
		4CA8B2B028B4B3900098166B /* ViewController.swift */ = {isa = PBXFileReference; lastKnownFileType = sourcecode.swift; path = ViewController.swift; sourceTree = "<group>"; };
		4CA8B2B328B4B3900098166B /* Base */ = {isa = PBXFileReference; lastKnownFileType = file.storyboard; name = Base; path = Base.lproj/Main.storyboard; sourceTree = "<group>"; };
		4CA8B2B528B4B3920098166B /* Assets.xcassets */ = {isa = PBXFileReference; lastKnownFileType = folder.assetcatalog; path = Assets.xcassets; sourceTree = "<group>"; };
		4CA8B2B828B4B3920098166B /* Base */ = {isa = PBXFileReference; lastKnownFileType = file.storyboard; name = Base; path = Base.lproj/LaunchScreen.storyboard; sourceTree = "<group>"; };
		4CA8B2BA28B4B3920098166B /* Info.plist */ = {isa = PBXFileReference; lastKnownFileType = text.plist.xml; path = Info.plist; sourceTree = "<group>"; };
/* End PBXFileReference section */

/* Begin PBXFrameworksBuildPhase section */
		4CA8B2A628B4B3900098166B /* Frameworks */ = {
			isa = PBXFrameworksBuildPhase;
			buildActionMask = 2147483647;
			files = (
			);
			runOnlyForDeploymentPostprocessing = 0;
		};
/* End PBXFrameworksBuildPhase section */

/* Begin PBXGroup section */
		4CA8B2A028B4B3900098166B = {
			isa = PBXGroup;
			children = (
				4CA8B2AB28B4B3900098166B /* VaccineDoctorApp */,
				4CA8B2AA28B4B3900098166B /* Products */,
			);
			sourceTree = "<group>";
		};
		4CA8B2AA28B4B3900098166B /* Products */ = {
			isa = PBXGroup;
			children = (
				4CA8B2A928B4B3900098166B /* VaccineDoctorApp.app */,
			);
			name = Products;
			sourceTree = "<group>";
		};
		4CA8B2AB28B4B3900098166B /* VaccineDoctorApp */ = {
			isa = PBXGroup;
			children = (
				4CA8B2AC28B4B3900098166B /* AppDelegate.swift */,
				4CA8B2AE28B4B3900098166B /* SceneDelegate.swift */,
				4CA8B2B028B4B3900098166B /* ViewController.swift */,
				4CA8B2B228B4B3900098166B /* Main.storyboard */,
				4C5437E328BF3C2C003D593D /* newViewController.swift */,
				4C5437E128BD53C3003D593D /* FourCamViewController.swift */,
				4C32807828BC856600994729 /* thirdPageViewController.swift */,
				4C32807628BA077700994729 /* SecondPage_ViewController.swift */,
				4C32807428B9EB2200994729 /* FirstPageViewController.swift */,
				4C32807228B5ABA600994729 /* SecondPageViewController.swift */,
				4C32807028B5A42500994729 /* MyCollectionViewCell.swift */,
				4CA8B2B528B4B3920098166B /* Assets.xcassets */,
				4CA8B2B728B4B3920098166B /* LaunchScreen.storyboard */,
				4CA8B2BA28B4B3920098166B /* Info.plist */,
			);
			path = VaccineDoctorApp;
			sourceTree = "<group>";
		};
/* End PBXGroup section */

/* Begin PBXNativeTarget section */
		4CA8B2A828B4B3900098166B /* VaccineDoctorApp */ = {
			isa = PBXNativeTarget;
			buildConfigurationList = 4CA8B2BD28B4B3920098166B /* Build configuration list for PBXNativeTarget "VaccineDoctorApp" */;
			buildPhases = (
				4CA8B2A528B4B3900098166B /* Sources */,
				4CA8B2A628B4B3900098166B /* Frameworks */,
				4CA8B2A728B4B3900098166B /* Resources */,
			);
			buildRules = (
			);
			dependencies = (
			);
			name = VaccineDoctorApp;
			productName = VaccineDoctorApp;
			productReference = 4CA8B2A928B4B3900098166B /* VaccineDoctorApp.app */;
			productType = "com.apple.product-type.application";
		};
/* End PBXNativeTarget section */

/* Begin PBXProject section */
		4CA8B2A128B4B3900098166B /* Project object */ = {
			isa = PBXProject;
			attributes = {
				BuildIndependentTargetsInParallel = 1;
				LastSwiftUpdateCheck = 1320;
				LastUpgradeCheck = 1320;
				TargetAttributes = {
					4CA8B2A828B4B3900098166B = {
						CreatedOnToolsVersion = 13.2.1;
					};
				};
			};
			buildConfigurationList = 4CA8B2A428B4B3900098166B /* Build configuration list for PBXProject "VaccineDoctorApp" */;
			compatibilityVersion = "Xcode 13.0";
			developmentRegion = en;
			hasScannedForEncodings = 0;
			knownRegions = (
				en,
				Base,
			);
			mainGroup = 4CA8B2A028B4B3900098166B;
			productRefGroup = 4CA8B2AA28B4B3900098166B /* Products */;
			projectDirPath = "";
			projectRoot = "";
			targets = (
				4CA8B2A828B4B3900098166B /* VaccineDoctorApp */,
			);
		};
/* End PBXProject section */

/* Begin PBXResourcesBuildPhase section */
		4CA8B2A728B4B3900098166B /* Resources */ = {
			isa = PBXResourcesBuildPhase;
			buildActionMask = 2147483647;
			files = (
				4CA8B2B928B4B3920098166B /* LaunchScreen.storyboard in Resources */,
				4CA8B2B628B4B3920098166B /* Assets.xcassets in Resources */,
				4CA8B2B428B4B3900098166B /* Main.storyboard in Resources */,
			);
			runOnlyForDeploymentPostprocessing = 0;
		};
/* End PBXResourcesBuildPhase section */

/* Begin PBXSourcesBuildPhase section */
		4CA8B2A528B4B3900098166B /* Sources */ = {
			isa = PBXSourcesBuildPhase;
			buildActionMask = 2147483647;
			files = (
				4C32807528B9EB2200994729 /* FirstPageViewController.swift in Sources */,
				4CA8B2B128B4B3900098166B /* ViewController.swift in Sources */,
				4C32807728BA077700994729 /* SecondPage_ViewController.swift in Sources */,
				4CA8B2AD28B4B3900098166B /* AppDelegate.swift in Sources */,
				4C32807128B5A42500994729 /* MyCollectionViewCell.swift in Sources */,
				4C5437E428BF3C2C003D593D /* newViewController.swift in Sources */,
				4C5437E228BD53C3003D593D /* FourCamViewController.swift in Sources */,
				4CA8B2AF28B4B3900098166B /* SceneDelegate.swift in Sources */,
				4C32807328B5ABA600994729 /* SecondPageViewController.swift in Sources */,
				4C32807928BC856600994729 /* thirdPageViewController.swift in Sources */,
			);
			runOnlyForDeploymentPostprocessing = 0;
		};
/* End PBXSourcesBuildPhase section */

/* Begin PBXVariantGroup section */
		4CA8B2B228B4B3900098166B /* Main.storyboard */ = {
			isa = PBXVariantGroup;
			children = (
				4CA8B2B328B4B3900098166B /* Base */,
			);
			name = Main.storyboard;
			sourceTree = "<group>";
		};
		4CA8B2B728B4B3920098166B /* LaunchScreen.storyboard */ = {
			isa = PBXVariantGroup;
			children = (
				4CA8B2B828B4B3920098166B /* Base */,
			);
			name = LaunchScreen.storyboard;
			sourceTree = "<group>";
		};
/* End PBXVariantGroup section */

/* Begin XCBuildConfiguration section */
		4CA8B2BB28B4B3920098166B /* Debug */ = {
			isa = XCBuildConfiguration;
			buildSettings = {
				ALWAYS_SEARCH_USER_PATHS = NO;
				CLANG_ANALYZER_NONNULL = YES;
				CLANG_ANALYZER_NUMBER_OBJECT_CONVERSION = YES_AGGRESSIVE;
				CLANG_CXX_LANGUAGE_STANDARD = "gnu++17";
				CLANG_CXX_LIBRARY = "libc++";
				CLANG_ENABLE_MODULES = YES;
				CLANG_ENABLE_OBJC_ARC = YES;
				CLANG_ENABLE_OBJC_WEAK = YES;
				CLANG_WARN_BLOCK_CAPTURE_AUTORELEASING = YES;
				CLANG_WARN_BOOL_CONVERSION = YES;
				CLANG_WARN_COMMA = YES;
				CLANG_WARN_CONSTANT_CONVERSION = YES;
				CLANG_WARN_DEPRECATED_OBJC_IMPLEMENTATIONS = YES;
				CLANG_WARN_DIRECT_OBJC_ISA_USAGE = YES_ERROR;
				CLANG_WARN_DOCUMENTATION_COMMENTS = YES;
				CLANG_WARN_EMPTY_BODY = YES;
				CLANG_WARN_ENUM_CONVERSION = YES;
				CLANG_WARN_INFINITE_RECURSION = YES;
				CLANG_WARN_INT_CONVERSION = YES;
				CLANG_WARN_NON_LITERAL_NULL_CONVERSION = YES;
				CLANG_WARN_OBJC_IMPLICIT_RETAIN_SELF = YES;
				CLANG_WARN_OBJC_LITERAL_CONVERSION = YES;
				CLANG_WARN_OBJC_ROOT_CLASS = YES_ERROR;
				CLANG_WARN_QUOTED_INCLUDE_IN_FRAMEWORK_HEADER = YES;
				CLANG_WARN_RANGE_LOOP_ANALYSIS = YES;
				CLANG_WARN_STRICT_PROTOTYPES = YES;
				CLANG_WARN_SUSPICIOUS_MOVE = YES;
				CLANG_WARN_UNGUARDED_AVAILABILITY = YES_AGGRESSIVE;
				CLANG_WARN_UNREACHABLE_CODE = YES;
				CLANG_WARN__DUPLICATE_METHOD_MATCH = YES;
				COPY_PHASE_STRIP = NO;
				DEBUG_INFORMATION_FORMAT = dwarf;
				ENABLE_STRICT_OBJC_MSGSEND = YES;
				ENABLE_TESTABILITY = YES;
				GCC_C_LANGUAGE_STANDARD = gnu11;
				GCC_DYNAMIC_NO_PIC = NO;
				GCC_NO_COMMON_BLOCKS = YES;
				GCC_OPTIMIZATION_LEVEL = 0;
				GCC_PREPROCESSOR_DEFINITIONS = (
					"DEBUG=1",
					"$(inherited)",
				);
				GCC_WARN_64_TO_32_BIT_CONVERSION = YES;
				GCC_WARN_ABOUT_RETURN_TYPE = YES_ERROR;
				GCC_WARN_UNDECLARED_SELECTOR = YES;
				GCC_WARN_UNINITIALIZED_AUTOS = YES_AGGRESSIVE;
				GCC_WARN_UNUSED_FUNCTION = YES;
				GCC_WARN_UNUSED_VARIABLE = YES;
				IPHONEOS_DEPLOYMENT_TARGET = 15.2;
				MTL_ENABLE_DEBUG_INFO = INCLUDE_SOURCE;
				MTL_FAST_MATH = YES;
				ONLY_ACTIVE_ARCH = YES;
				SDKROOT = iphoneos;
				SWIFT_ACTIVE_COMPILATION_CONDITIONS = DEBUG;
				SWIFT_OPTIMIZATION_LEVEL = "-Onone";
			};
			name = Debug;
		};
		4CA8B2BC28B4B3920098166B /* Release */ = {
			isa = XCBuildConfiguration;
			buildSettings = {
				ALWAYS_SEARCH_USER_PATHS = NO;
				CLANG_ANALYZER_NONNULL = YES;
				CLANG_ANALYZER_NUMBER_OBJECT_CONVERSION = YES_AGGRESSIVE;
				CLANG_CXX_LANGUAGE_STANDARD = "gnu++17";
				CLANG_CXX_LIBRARY = "libc++";
				CLANG_ENABLE_MODULES = YES;
				CLANG_ENABLE_OBJC_ARC = YES;
				CLANG_ENABLE_OBJC_WEAK = YES;
				CLANG_WARN_BLOCK_CAPTURE_AUTORELEASING = YES;
				CLANG_WARN_BOOL_CONVERSION = YES;
				CLANG_WARN_COMMA = YES;
				CLANG_WARN_CONSTANT_CONVERSION = YES;
				CLANG_WARN_DEPRECATED_OBJC_IMPLEMENTATIONS = YES;
				CLANG_WARN_DIRECT_OBJC_ISA_USAGE = YES_ERROR;
				CLANG_WARN_DOCUMENTATION_COMMENTS = YES;
				CLANG_WARN_EMPTY_BODY = YES;
				CLANG_WARN_ENUM_CONVERSION = YES;
				CLANG_WARN_INFINITE_RECURSION = YES;
				CLANG_WARN_INT_CONVERSION = YES;
				CLANG_WARN_NON_LITERAL_NULL_CONVERSION = YES;
				CLANG_WARN_OBJC_IMPLICIT_RETAIN_SELF = YES;
				CLANG_WARN_OBJC_LITERAL_CONVERSION = YES;
				CLANG_WARN_OBJC_ROOT_CLASS = YES_ERROR;
				CLANG_WARN_QUOTED_INCLUDE_IN_FRAMEWORK_HEADER = YES;
				CLANG_WARN_RANGE_LOOP_ANALYSIS = YES;
				CLANG_WARN_STRICT_PROTOTYPES = YES;
				CLANG_WARN_SUSPICIOUS_MOVE = YES;
				CLANG_WARN_UNGUARDED_AVAILABILITY = YES_AGGRESSIVE;
				CLANG_WARN_UNREACHABLE_CODE = YES;
				CLANG_WARN__DUPLICATE_METHOD_MATCH = YES;
				COPY_PHASE_STRIP = NO;
				DEBUG_INFORMATION_FORMAT = "dwarf-with-dsym";
				ENABLE_NS_ASSERTIONS = NO;
				ENABLE_STRICT_OBJC_MSGSEND = YES;
				GCC_C_LANGUAGE_STANDARD = gnu11;
				GCC_NO_COMMON_BLOCKS = YES;
				GCC_WARN_64_TO_32_BIT_CONVERSION = YES;
				GCC_WARN_ABOUT_RETURN_TYPE = YES_ERROR;
				GCC_WARN_UNDECLARED_SELECTOR = YES;
				GCC_WARN_UNINITIALIZED_AUTOS = YES_AGGRESSIVE;
				GCC_WARN_UNUSED_FUNCTION = YES;
				GCC_WARN_UNUSED_VARIABLE = YES;
				IPHONEOS_DEPLOYMENT_TARGET = 15.2;
				MTL_ENABLE_DEBUG_INFO = NO;
				MTL_FAST_MATH = YES;
				SDKROOT = iphoneos;
				SWIFT_COMPILATION_MODE = wholemodule;
				SWIFT_OPTIMIZATION_LEVEL = "-O";
				VALIDATE_PRODUCT = YES;
			};
			name = Release;
		};
		4CA8B2BE28B4B3920098166B /* Debug */ = {
			isa = XCBuildConfiguration;
			buildSettings = {
				ASSETCATALOG_COMPILER_APPICON_NAME = AppIcon;
				ASSETCATALOG_COMPILER_GLOBAL_ACCENT_COLOR_NAME = AccentColor;
				CODE_SIGN_STYLE = Automatic;
				CURRENT_PROJECT_VERSION = 1;
				GENERATE_INFOPLIST_FILE = YES;
				INFOPLIST_FILE = VaccineDoctorApp/Info.plist;
				INFOPLIST_KEY_NSCameraUsageDescription = "Please allow access to take a picture";
				INFOPLIST_KEY_UIApplicationSupportsIndirectInputEvents = YES;
				INFOPLIST_KEY_UILaunchStoryboardName = LaunchScreen;
				INFOPLIST_KEY_UIMainStoryboardFile = Main;
				INFOPLIST_KEY_UISupportedInterfaceOrientations_iPad = "UIInterfaceOrientationPortrait UIInterfaceOrientationPortraitUpsideDown UIInterfaceOrientationLandscapeLeft UIInterfaceOrientationLandscapeRight";
				INFOPLIST_KEY_UISupportedInterfaceOrientations_iPhone = "UIInterfaceOrientationPortrait UIInterfaceOrientationLandscapeLeft UIInterfaceOrientationLandscapeRight";
				LD_RUNPATH_SEARCH_PATHS = (
					"$(inherited)",
					"@executable_path/Frameworks",
				);
				MARKETING_VERSION = 1.0;
				PRODUCT_BUNDLE_IDENTIFIER = com.spycaptain.VaccineDoctorApp;
				PRODUCT_NAME = "$(TARGET_NAME)";
				SWIFT_EMIT_LOC_STRINGS = YES;
				SWIFT_VERSION = 5.0;
				TARGETED_DEVICE_FAMILY = "1,2";
			};
			name = Debug;
		};
		4CA8B2BF28B4B3920098166B /* Release */ = {
			isa = XCBuildConfiguration;
			buildSettings = {
				ASSETCATALOG_COMPILER_APPICON_NAME = AppIcon;
				ASSETCATALOG_COMPILER_GLOBAL_ACCENT_COLOR_NAME = AccentColor;
				CODE_SIGN_STYLE = Automatic;
				CURRENT_PROJECT_VERSION = 1;
				GENERATE_INFOPLIST_FILE = YES;
				INFOPLIST_FILE = VaccineDoctorApp/Info.plist;
				INFOPLIST_KEY_NSCameraUsageDescription = "Please allow access to take a picture";
				INFOPLIST_KEY_UIApplicationSupportsIndirectInputEvents = YES;
				INFOPLIST_KEY_UILaunchStoryboardName = LaunchScreen;
				INFOPLIST_KEY_UIMainStoryboardFile = Main;
				INFOPLIST_KEY_UISupportedInterfaceOrientations_iPad = "UIInterfaceOrientationPortrait UIInterfaceOrientationPortraitUpsideDown UIInterfaceOrientationLandscapeLeft UIInterfaceOrientationLandscapeRight";
				INFOPLIST_KEY_UISupportedInterfaceOrientations_iPhone = "UIInterfaceOrientationPortrait UIInterfaceOrientationLandscapeLeft UIInterfaceOrientationLandscapeRight";
				LD_RUNPATH_SEARCH_PATHS = (
					"$(inherited)",
					"@executable_path/Frameworks",
				);
				MARKETING_VERSION = 1.0;
				PRODUCT_BUNDLE_IDENTIFIER = com.spycaptain.VaccineDoctorApp;
				PRODUCT_NAME = "$(TARGET_NAME)";
				SWIFT_EMIT_LOC_STRINGS = YES;
				SWIFT_VERSION = 5.0;
				TARGETED_DEVICE_FAMILY = "1,2";
			};
			name = Release;
		};
/* End XCBuildConfiguration section */

/* Begin XCConfigurationList section */
		4CA8B2A428B4B3900098166B /* Build configuration list for PBXProject "VaccineDoctorApp" */ = {
			isa = XCConfigurationList;
			buildConfigurations = (
				4CA8B2BB28B4B3920098166B /* Debug */,
				4CA8B2BC28B4B3920098166B /* Release */,
			);
			defaultConfigurationIsVisible = 0;
			defaultConfigurationName = Release;
		};
		4CA8B2BD28B4B3920098166B /* Build configuration list for PBXNativeTarget "VaccineDoctorApp" */ = {
			isa = XCConfigurationList;
			buildConfigurations = (
				4CA8B2BE28B4B3920098166B /* Debug */,
				4CA8B2BF28B4B3920098166B /* Release */,
			);
			defaultConfigurationIsVisible = 0;
			defaultConfigurationName = Release;
		};
/* End XCConfigurationList section */
	};
	rootObject = 4CA8B2A128B4B3900098166B /* Project object */;
}
